
Microsoft Visual Studio Solution File, Format Version 12.00
# Visual Studio Version 17
VisualStudioVersion = 17.5.002.0
MinimumVisualStudioVersion = 10.0.40219.1
Project("{9A19103F-16F7-4668-BE54-9A1E7A4F7556}") = "saude", "saude.csproj", "{EC318782-EA8C-4D8B-945D-DBE6311C8576}"
EndProject
Global
	GlobalSection(SolutionConfigurationPlatforms) = preSolution
		Debug|Any CPU = Debug|Any CPU
		Release|Any CPU = Release|Any CPU
	EndGlobalSection
	GlobalSection(ProjectConfigurationPlatforms) = postSolution
		{EC318782-EA8C-4D8B-945D-DBE6311C8576}.Debug|Any CPU.ActiveCfg = Debug|Any CPU
		{EC318782-EA8C-4D8B-945D-DBE6311C8576}.Debug|Any CPU.Build.0 = Debug|Any CPU
		{EC318782-EA8C-4D8B-945D-DBE6311C8576}.Release|Any CPU.ActiveCfg = Release|Any CPU
		{EC318782-EA8C-4D8B-945D-DBE6311C8576}.Release|Any CPU.Build.0 = Release|Any CPU
	EndGlobalSection
	GlobalSection(SolutionProperties) = preSolution
		HideSolutionNode = FALSE
	EndGlobalSection
	GlobalSection(ExtensibilityGlobals) = postSolution
		SolutionGuid = {4836225F-3092-45D5-9AA9-19C8671A053E}
	EndGlobalSection
EndGlobal
